
Microsoft Visual Studio Solution File, Format Version 12.00
# Visual Studio 2012
Project("{FAE04EC0-301F-11D3-BF4B-00C04F79EFBC}") = "TreeWatch", "TreeWatch\TreeWatch.csproj", "{8C138565-9C93-4EBA-85A7-7A37861C2249}"
EndProject
Project("{FAE04EC0-301F-11D3-BF4B-00C04F79EFBC}") = "TreeWatch.iOS", "iOS\TreeWatch.iOS.csproj", "{77D61D95-C12E-454D-B5F1-9C6391DDA41D}"
EndProject
Project("{FAE04EC0-301F-11D3-BF4B-00C04F79EFBC}") = "TreeWatch.Droid", "Droid\TreeWatch.Droid.csproj", "{47160693-92B1-4AC0-9B0D-943733F41043}"
EndProject
Project("{FAE04EC0-301F-11D3-BF4B-00C04F79EFBC}") = "TreeWatch.UITests", "UITests\TreeWatch.UITests.csproj", "{73AB1AB1-68FA-441D-90EA-3CEC1BB33FBB}"
EndProject
Project("{FAE04EC0-301F-11D3-BF4B-00C04F79EFBC}") = "TreeWatch.Tests", "TreeWatch.Tests\TreeWatch.Tests.csproj", "{7534BBB4-7D17-444E-BA97-4E38B4EDB3C6}"
EndProject
Project("{2150E333-8FDC-42A3-9474-1A3956D46DE8}") = "Solution Items", "Solution Items", "{F20D7090-8A43-4FF8-864A-A52B87FC2DF5}"
	ProjectSection(SolutionItems) = preProject
		TreeWatch.sln = TreeWatch.sln
	EndProjectSection
EndProject
Global
	GlobalSection(SolutionConfigurationPlatforms) = preSolution
		Debug|Any CPU = Debug|Any CPU
		Release|Any CPU = Release|Any CPU
		Debug|iPhoneSimulator = Debug|iPhoneSimulator
		Release|iPhone = Release|iPhone
		Release|iPhoneSimulator = Release|iPhoneSimulator
		Debug|iPhone = Debug|iPhone
	EndGlobalSection
	GlobalSection(ProjectConfigurationPlatforms) = postSolution
		{47160693-92B1-4AC0-9B0D-943733F41043}.Debug|Any CPU.ActiveCfg = Debug|Any CPU
		{47160693-92B1-4AC0-9B0D-943733F41043}.Debug|Any CPU.Build.0 = Debug|Any CPU
		{47160693-92B1-4AC0-9B0D-943733F41043}.Debug|iPhone.ActiveCfg = Debug|Any CPU
		{47160693-92B1-4AC0-9B0D-943733F41043}.Debug|iPhone.Build.0 = Debug|Any CPU
		{47160693-92B1-4AC0-9B0D-943733F41043}.Debug|iPhoneSimulator.ActiveCfg = Debug|Any CPU
		{47160693-92B1-4AC0-9B0D-943733F41043}.Debug|iPhoneSimulator.Build.0 = Debug|Any CPU
		{47160693-92B1-4AC0-9B0D-943733F41043}.Release|Any CPU.ActiveCfg = Release|Any CPU
		{47160693-92B1-4AC0-9B0D-943733F41043}.Release|Any CPU.Build.0 = Release|Any CPU
		{47160693-92B1-4AC0-9B0D-943733F41043}.Release|iPhone.ActiveCfg = Release|Any CPU
		{47160693-92B1-4AC0-9B0D-943733F41043}.Release|iPhone.Build.0 = Release|Any CPU
		{47160693-92B1-4AC0-9B0D-943733F41043}.Release|iPhoneSimulator.ActiveCfg = Release|Any CPU
		{47160693-92B1-4AC0-9B0D-943733F41043}.Release|iPhoneSimulator.Build.0 = Release|Any CPU
		{73AB1AB1-68FA-441D-90EA-3CEC1BB33FBB}.Debug|Any CPU.ActiveCfg = Debug|Any CPU
		{73AB1AB1-68FA-441D-90EA-3CEC1BB33FBB}.Debug|Any CPU.Build.0 = Debug|Any CPU
		{73AB1AB1-68FA-441D-90EA-3CEC1BB33FBB}.Debug|iPhone.ActiveCfg = Debug|Any CPU
		{73AB1AB1-68FA-441D-90EA-3CEC1BB33FBB}.Debug|iPhone.Build.0 = Debug|Any CPU
		{73AB1AB1-68FA-441D-90EA-3CEC1BB33FBB}.Debug|iPhoneSimulator.ActiveCfg = Debug|Any CPU
		{73AB1AB1-68FA-441D-90EA-3CEC1BB33FBB}.Debug|iPhoneSimulator.Build.0 = Debug|Any CPU
		{73AB1AB1-68FA-441D-90EA-3CEC1BB33FBB}.Release|Any CPU.ActiveCfg = Release|Any CPU
		{73AB1AB1-68FA-441D-90EA-3CEC1BB33FBB}.Release|Any CPU.Build.0 = Release|Any CPU
		{73AB1AB1-68FA-441D-90EA-3CEC1BB33FBB}.Release|iPhone.ActiveCfg = Release|Any CPU
		{73AB1AB1-68FA-441D-90EA-3CEC1BB33FBB}.Release|iPhone.Build.0 = Release|Any CPU
		{73AB1AB1-68FA-441D-90EA-3CEC1BB33FBB}.Release|iPhoneSimulator.ActiveCfg = Release|Any CPU
		{73AB1AB1-68FA-441D-90EA-3CEC1BB33FBB}.Release|iPhoneSimulator.Build.0 = Release|Any CPU
		{7534BBB4-7D17-444E-BA97-4E38B4EDB3C6}.Debug|Any CPU.ActiveCfg = Debug|Any CPU
		{7534BBB4-7D17-444E-BA97-4E38B4EDB3C6}.Debug|Any CPU.Build.0 = Debug|Any CPU
		{7534BBB4-7D17-444E-BA97-4E38B4EDB3C6}.Debug|iPhone.ActiveCfg = Debug|Any CPU
		{7534BBB4-7D17-444E-BA97-4E38B4EDB3C6}.Debug|iPhone.Build.0 = Debug|Any CPU
		{7534BBB4-7D17-444E-BA97-4E38B4EDB3C6}.Debug|iPhoneSimulator.ActiveCfg = Debug|Any CPU
		{7534BBB4-7D17-444E-BA97-4E38B4EDB3C6}.Debug|iPhoneSimulator.Build.0 = Debug|Any CPU
		{7534BBB4-7D17-444E-BA97-4E38B4EDB3C6}.Release|Any CPU.ActiveCfg = Release|Any CPU
		{7534BBB4-7D17-444E-BA97-4E38B4EDB3C6}.Release|Any CPU.Build.0 = Release|Any CPU
		{7534BBB4-7D17-444E-BA97-4E38B4EDB3C6}.Release|iPhone.ActiveCfg = Release|Any CPU
		{7534BBB4-7D17-444E-BA97-4E38B4EDB3C6}.Release|iPhone.Build.0 = Release|Any CPU
		{7534BBB4-7D17-444E-BA97-4E38B4EDB3C6}.Release|iPhoneSimulator.ActiveCfg = Release|Any CPU
		{7534BBB4-7D17-444E-BA97-4E38B4EDB3C6}.Release|iPhoneSimulator.Build.0 = Release|Any CPU
		{77D61D95-C12E-454D-B5F1-9C6391DDA41D}.Debug|Any CPU.ActiveCfg = Debug|iPhoneSimulator
		{77D61D95-C12E-454D-B5F1-9C6391DDA41D}.Debug|Any CPU.Build.0 = Debug|iPhoneSimulator
		{77D61D95-C12E-454D-B5F1-9C6391DDA41D}.Debug|iPhone.ActiveCfg = Debug|iPhone
		{77D61D95-C12E-454D-B5F1-9C6391DDA41D}.Debug|iPhone.Build.0 = Debug|iPhone
		{77D61D95-C12E-454D-B5F1-9C6391DDA41D}.Debug|iPhoneSimulator.ActiveCfg = Debug|iPhoneSimulator
		{77D61D95-C12E-454D-B5F1-9C6391DDA41D}.Debug|iPhoneSimulator.Build.0 = Debug|iPhoneSimulator
		{77D61D95-C12E-454D-B5F1-9C6391DDA41D}.Release|Any CPU.ActiveCfg = Release|iPhone
		{77D61D95-C12E-454D-B5F1-9C6391DDA41D}.Release|Any CPU.Build.0 = Release|iPhone
		{77D61D95-C12E-454D-B5F1-9C6391DDA41D}.Release|iPhone.ActiveCfg = Release|iPhone
		{77D61D95-C12E-454D-B5F1-9C6391DDA41D}.Release|iPhone.Build.0 = Release|iPhone
		{77D61D95-C12E-454D-B5F1-9C6391DDA41D}.Release|iPhoneSimulator.ActiveCfg = Release|iPhoneSimulator
		{77D61D95-C12E-454D-B5F1-9C6391DDA41D}.Release|iPhoneSimulator.Build.0 = Release|iPhoneSimulator
		{8C138565-9C93-4EBA-85A7-7A37861C2249}.Debug|Any CPU.ActiveCfg = Debug|Any CPU
		{8C138565-9C93-4EBA-85A7-7A37861C2249}.Debug|Any CPU.Build.0 = Debug|Any CPU
		{8C138565-9C93-4EBA-85A7-7A37861C2249}.Debug|iPhone.ActiveCfg = Debug|Any CPU
		{8C138565-9C93-4EBA-85A7-7A37861C2249}.Debug|iPhone.Build.0 = Debug|Any CPU
		{8C138565-9C93-4EBA-85A7-7A37861C2249}.Debug|iPhoneSimulator.ActiveCfg = Debug|Any CPU
		{8C138565-9C93-4EBA-85A7-7A37861C2249}.Debug|iPhoneSimulator.Build.0 = Debug|Any CPU
		{8C138565-9C93-4EBA-85A7-7A37861C2249}.Release|Any CPU.ActiveCfg = Release|Any CPU
		{8C138565-9C93-4EBA-85A7-7A37861C2249}.Release|Any CPU.Build.0 = Release|Any CPU
		{8C138565-9C93-4EBA-85A7-7A37861C2249}.Release|iPhone.ActiveCfg = Release|Any CPU
		{8C138565-9C93-4EBA-85A7-7A37861C2249}.Release|iPhone.Build.0 = Release|Any CPU
		{8C138565-9C93-4EBA-85A7-7A37861C2249}.Release|iPhoneSimulator.ActiveCfg = Release|Any CPU
		{8C138565-9C93-4EBA-85A7-7A37861C2249}.Release|iPhoneSimulator.Build.0 = Release|Any CPU
	EndGlobalSection
	GlobalSection(NestedProjects) = preSolution
	EndGlobalSection
EndGlobal
